<?xml version="1.0" encoding="UTF-8"?>
<CodeBlocks_project_file>
	<FileVersion major="1" minor="6"/>
	<Project>
		<Option title="sw_engineering_hw3"/>
		<Option makefile_is_custom="1"/>
		<Option compiler="gcc"/>
		<Option virtualFolders="CMake Files\;"/>
		<Build>
			<Target title="all">
				<Option working_dir="/home/simjae/sw-engineering-hw3/src"/>
				<Option type="4"/>
				<MakeCommands>
					<Build command="/usr/bin/make -f &quot;/home/simjae/sw-engineering-hw3/src/Makefile&quot;  VERBOSE=1 all"/>
					<CompileFile command="/usr/bin/make -f &quot;/home/simjae/sw-engineering-hw3/src/Makefile&quot;  VERBOSE=1 &quot;$file&quot;"/>
					<Clean command="/usr/bin/make -f &quot;/home/simjae/sw-engineering-hw3/src/Makefile&quot;  VERBOSE=1 clean"/>
					<DistClean command="/usr/bin/make -f &quot;/home/simjae/sw-engineering-hw3/src/Makefile&quot;  VERBOSE=1 clean"/>
				</MakeCommands>
			</Target>
			<Target title="rebuild_cache">
				<Option working_dir="/home/simjae/sw-engineering-hw3/src"/>
				<Option type="4"/>
				<MakeCommands>
					<Build command="/usr/bin/make -f &quot;/home/simjae/sw-engineering-hw3/src/Makefile&quot;  VERBOSE=1 rebuild_cache"/>
					<CompileFile command="/usr/bin/make -f &quot;/home/simjae/sw-engineering-hw3/src/Makefile&quot;  VERBOSE=1 &quot;$file&quot;"/>
					<Clean command="/usr/bin/make -f &quot;/home/simjae/sw-engineering-hw3/src/Makefile&quot;  VERBOSE=1 clean"/>
					<DistClean command="/usr/bin/make -f &quot;/home/simjae/sw-engineering-hw3/src/Makefile&quot;  VERBOSE=1 clean"/>
				</MakeCommands>
			</Target>
			<Target title="edit_cache">
				<Option working_dir="/home/simjae/sw-engineering-hw3/src"/>
				<Option type="4"/>
				<MakeCommands>
					<Build command="/usr/bin/make -f &quot;/home/simjae/sw-engineering-hw3/src/Makefile&quot;  VERBOSE=1 edit_cache"/>
					<CompileFile command="/usr/bin/make -f &quot;/home/simjae/sw-engineering-hw3/src/Makefile&quot;  VERBOSE=1 &quot;$file&quot;"/>
					<Clean command="/usr/bin/make -f &quot;/home/simjae/sw-engineering-hw3/src/Makefile&quot;  VERBOSE=1 clean"/>
					<DistClean command="/usr/bin/make -f &quot;/home/simjae/sw-engineering-hw3/src/Makefile&quot;  VERBOSE=1 clean"/>
				</MakeCommands>
			</Target>
			<Target title="sw_engineering_hw3">
				<Option output="/home/simjae/sw-engineering-hw3/src/sw_engineering_hw3" prefix_auto="0" extension_auto="0"/>
				<Option working_dir="/home/simjae/sw-engineering-hw3/src"/>
				<Option object_output="./"/>
				<Option type="1"/>
				<Option compiler="gcc"/>
				<Compiler/>
				<MakeCommands>
					<Build command="/usr/bin/make -f &quot;/home/simjae/sw-engineering-hw3/src/Makefile&quot;  VERBOSE=1 sw_engineering_hw3"/>
					<CompileFile command="/usr/bin/make -f &quot;/home/simjae/sw-engineering-hw3/src/Makefile&quot;  VERBOSE=1 &quot;$file&quot;"/>
					<Clean command="/usr/bin/make -f &quot;/home/simjae/sw-engineering-hw3/src/Makefile&quot;  VERBOSE=1 clean"/>
					<DistClean command="/usr/bin/make -f &quot;/home/simjae/sw-engineering-hw3/src/Makefile&quot;  VERBOSE=1 clean"/>
				</MakeCommands>
			</Target>
			<Target title="sw_engineering_hw3/fast">
				<Option output="/home/simjae/sw-engineering-hw3/src/sw_engineering_hw3" prefix_auto="0" extension_auto="0"/>
				<Option working_dir="/home/simjae/sw-engineering-hw3/src"/>
				<Option object_output="./"/>
				<Option type="1"/>
				<Option compiler="gcc"/>
				<Compiler/>
				<MakeCommands>
					<Build command="/usr/bin/make -f &quot;/home/simjae/sw-engineering-hw3/src/Makefile&quot;  VERBOSE=1 sw_engineering_hw3/fast"/>
					<CompileFile command="/usr/bin/make -f &quot;/home/simjae/sw-engineering-hw3/src/Makefile&quot;  VERBOSE=1 &quot;$file&quot;"/>
					<Clean command="/usr/bin/make -f &quot;/home/simjae/sw-engineering-hw3/src/Makefile&quot;  VERBOSE=1 clean"/>
					<DistClean command="/usr/bin/make -f &quot;/home/simjae/sw-engineering-hw3/src/Makefile&quot;  VERBOSE=1 clean"/>
				</MakeCommands>
			</Target>
		</Build>
		<Unit filename="/home/simjae/sw-engineering-hw3/src/Accommodation.h">
			<Option target="sw_engineering_hw3"/>
		</Unit>
		<Unit filename="/home/simjae/sw-engineering-hw3/src/AccommodationCollection.cpp">
			<Option target="sw_engineering_hw3"/>
		</Unit>
		<Unit filename="/home/simjae/sw-engineering-hw3/src/AccommodationCollection.h">
			<Option target="sw_engineering_hw3"/>
		</Unit>
		<Unit filename="/home/simjae/sw-engineering-hw3/src/Collection.h">
			<Option target="sw_engineering_hw3"/>
		</Unit>
		<Unit filename="/home/simjae/sw-engineering-hw3/src/Member.cpp">
			<Option target="sw_engineering_hw3"/>
		</Unit>
		<Unit filename="/home/simjae/sw-engineering-hw3/src/Member.h">
			<Option target="sw_engineering_hw3"/>
		</Unit>
		<Unit filename="/home/simjae/sw-engineering-hw3/src/MemberCollection.cpp">
			<Option target="sw_engineering_hw3"/>
		</Unit>
		<Unit filename="/home/simjae/sw-engineering-hw3/src/MemberCollection.h">
			<Option target="sw_engineering_hw3"/>
		</Unit>
		<Unit filename="/home/simjae/sw-engineering-hw3/src/OutputWriter.cpp">
			<Option target="sw_engineering_hw3"/>
		</Unit>
		<Unit filename="/home/simjae/sw-engineering-hw3/src/OutputWriter.h">
			<Option target="sw_engineering_hw3"/>
		</Unit>
		<Unit filename="/home/simjae/sw-engineering-hw3/src/Reservation.cpp">
			<Option target="sw_engineering_hw3"/>
		</Unit>
		<Unit filename="/home/simjae/sw-engineering-hw3/src/Reservation.h">
			<Option target="sw_engineering_hw3"/>
		</Unit>
		<Unit filename="/home/simjae/sw-engineering-hw3/src/ReservationCollection.cpp">
			<Option target="sw_engineering_hw3"/>
		</Unit>
		<Unit filename="/home/simjae/sw-engineering-hw3/src/ReservationCollection.h">
			<Option target="sw_engineering_hw3"/>
		</Unit>
		<Unit filename="/home/simjae/sw-engineering-hw3/src/Session.cpp">
			<Option target="sw_engineering_hw3"/>
		</Unit>
		<Unit filename="/home/simjae/sw-engineering-hw3/src/Session.h">
			<Option target="sw_engineering_hw3"/>
		</Unit>
		<Unit filename="/home/simjae/sw-engineering-hw3/src/SessionCollection.cpp">
			<Option target="sw_engineering_hw3"/>
		</Unit>
		<Unit filename="/home/simjae/sw-engineering-hw3/src/SessionCollection.h">
			<Option target="sw_engineering_hw3"/>
		</Unit>
		<Unit filename="/home/simjae/sw-engineering-hw3/src/SingletonMacro.h">
			<Option target="sw_engineering_hw3"/>
		</Unit>
		<Unit filename="/home/simjae/sw-engineering-hw3/src/Time.h">
			<Option target="sw_engineering_hw3"/>
		</Unit>
		<Unit filename="/home/simjae/sw-engineering-hw3/src/boundaries/AbstractBoundary.cpp">
			<Option target="sw_engineering_hw3"/>
		</Unit>
		<Unit filename="/home/simjae/sw-engineering-hw3/src/boundaries/AbstractBoundary.h">
			<Option target="sw_engineering_hw3"/>
		</Unit>
		<Unit filename="/home/simjae/sw-engineering-hw3/src/boundaries/LoginUI.cpp">
			<Option target="sw_engineering_hw3"/>
		</Unit>
		<Unit filename="/home/simjae/sw-engineering-hw3/src/boundaries/LoginUI.h">
			<Option target="sw_engineering_hw3"/>
		</Unit>
		<Unit filename="/home/simjae/sw-engineering-hw3/src/boundaries/LogoutUI.cpp">
			<Option target="sw_engineering_hw3"/>
		</Unit>
		<Unit filename="/home/simjae/sw-engineering-hw3/src/boundaries/LogoutUI.h">
			<Option target="sw_engineering_hw3"/>
		</Unit>
		<Unit filename="/home/simjae/sw-engineering-hw3/src/boundaries/RegisterUI.cpp">
			<Option target="sw_engineering_hw3"/>
		</Unit>
		<Unit filename="/home/simjae/sw-engineering-hw3/src/boundaries/RegisterUI.h">
			<Option target="sw_engineering_hw3"/>
		</Unit>
		<Unit filename="/home/simjae/sw-engineering-hw3/src/boundaries/SearchUI.cpp">
			<Option target="sw_engineering_hw3"/>
		</Unit>
		<Unit filename="/home/simjae/sw-engineering-hw3/src/boundaries/SearchUI.h">
			<Option target="sw_engineering_hw3"/>
		</Unit>
		<Unit filename="/home/simjae/sw-engineering-hw3/src/boundaries/SessionUI.cpp">
			<Option target="sw_engineering_hw3"/>
		</Unit>
		<Unit filename="/home/simjae/sw-engineering-hw3/src/boundaries/SessionUI.h">
			<Option target="sw_engineering_hw3"/>
		</Unit>
		<Unit filename="/home/simjae/sw-engineering-hw3/src/boundaries/addAccommodationUI.cpp">
			<Option target="sw_engineering_hw3"/>
		</Unit>
		<Unit filename="/home/simjae/sw-engineering-hw3/src/boundaries/addAccommodationUI.h">
			<Option target="sw_engineering_hw3"/>
		</Unit>
		<Unit filename="/home/simjae/sw-engineering-hw3/src/controls/AbstractControl.cpp">
			<Option target="sw_engineering_hw3"/>
		</Unit>
		<Unit filename="/home/simjae/sw-engineering-hw3/src/controls/AbstractControl.h">
			<Option target="sw_engineering_hw3"/>
		</Unit>
		<Unit filename="/home/simjae/sw-engineering-hw3/src/controls/LoginControl.cpp">
			<Option target="sw_engineering_hw3"/>
		</Unit>
		<Unit filename="/home/simjae/sw-engineering-hw3/src/controls/LoginControl.h">
			<Option target="sw_engineering_hw3"/>
		</Unit>
		<Unit filename="/home/simjae/sw-engineering-hw3/src/controls/LogoutControl.cpp">
			<Option target="sw_engineering_hw3"/>
		</Unit>
		<Unit filename="/home/simjae/sw-engineering-hw3/src/controls/LogoutControl.h">
			<Option target="sw_engineering_hw3"/>
		</Unit>
		<Unit filename="/home/simjae/sw-engineering-hw3/src/controls/RegisterControl.cpp">
			<Option target="sw_engineering_hw3"/>
		</Unit>
		<Unit filename="/home/simjae/sw-engineering-hw3/src/controls/RegisterControl.h">
			<Option target="sw_engineering_hw3"/>
		</Unit>
		<Unit filename="/home/simjae/sw-engineering-hw3/src/controls/SearchControl.cpp">
			<Option target="sw_engineering_hw3"/>
		</Unit>
		<Unit filename="/home/simjae/sw-engineering-hw3/src/controls/SearchControl.h">
			<Option target="sw_engineering_hw3"/>
		</Unit>
		<Unit filename="/home/simjae/sw-engineering-hw3/src/controls/SessionControl.cpp">
			<Option target="sw_engineering_hw3"/>
		</Unit>
		<Unit filename="/home/simjae/sw-engineering-hw3/src/controls/SessionControl.h">
			<Option target="sw_engineering_hw3"/>
		</Unit>
		<Unit filename="/home/simjae/sw-engineering-hw3/src/controls/addAccommodation.cpp">
			<Option target="sw_engineering_hw3"/>
		</Unit>
		<Unit filename="/home/simjae/sw-engineering-hw3/src/controls/addAccommodation.h">
			<Option target="sw_engineering_hw3"/>
		</Unit>
		<Unit filename="/home/simjae/sw-engineering-hw3/src/main.cpp">
			<Option target="sw_engineering_hw3"/>
		</Unit>
		<Unit filename="/home/simjae/sw-engineering-hw3/src/CMakeLists.txt">
			<Option virtualFolder="CMake Files\"/>
		</Unit>
	</Project>
</CodeBlocks_project_file>
